
Microsoft Visual Studio Solution File, Format Version 12.00
# Visual Studio Version 16
VisualStudioVersion = 16.0.31019.35
MinimumVisualStudioVersion = 10.0.40219.1
Project("{FAE04EC0-301F-11D3-BF4B-00C04F79EFBC}") = "ShopBridgeEntities", "ShopBridgeEntities\ShopBridgeEntities.csproj", "{AC2FB7F3-A5AD-4063-8853-5B9370CF9F87}"
EndProject
Project("{FAE04EC0-301F-11D3-BF4B-00C04F79EFBC}") = "ShopBridgeDB", "ShopBridgeDB\ShopBridgeDB.csproj", "{BABB70B1-B735-4327-8D70-994797A7A487}"
EndProject
Project("{FAE04EC0-301F-11D3-BF4B-00C04F79EFBC}") = "SHopBridgeWeb", "SHopBridgeWeb\SHopBridgeWeb.csproj", "{76B5E470-1809-4163-B8F0-690753FF4C54}"
EndProject
Global
	GlobalSection(SolutionConfigurationPlatforms) = preSolution
		Debug|Any CPU = Debug|Any CPU
		Release|Any CPU = Release|Any CPU
	EndGlobalSection
	GlobalSection(ProjectConfigurationPlatforms) = postSolution
		{AC2FB7F3-A5AD-4063-8853-5B9370CF9F87}.Debug|Any CPU.ActiveCfg = Debug|Any CPU
		{AC2FB7F3-A5AD-4063-8853-5B9370CF9F87}.Debug|Any CPU.Build.0 = Debug|Any CPU
		{AC2FB7F3-A5AD-4063-8853-5B9370CF9F87}.Release|Any CPU.ActiveCfg = Release|Any CPU
		{AC2FB7F3-A5AD-4063-8853-5B9370CF9F87}.Release|Any CPU.Build.0 = Release|Any CPU
		{BABB70B1-B735-4327-8D70-994797A7A487}.Debug|Any CPU.ActiveCfg = Debug|Any CPU
		{BABB70B1-B735-4327-8D70-994797A7A487}.Debug|Any CPU.Build.0 = Debug|Any CPU
		{BABB70B1-B735-4327-8D70-994797A7A487}.Release|Any CPU.ActiveCfg = Release|Any CPU
		{BABB70B1-B735-4327-8D70-994797A7A487}.Release|Any CPU.Build.0 = Release|Any CPU
		{76B5E470-1809-4163-B8F0-690753FF4C54}.Debug|Any CPU.ActiveCfg = Debug|Any CPU
		{76B5E470-1809-4163-B8F0-690753FF4C54}.Debug|Any CPU.Build.0 = Debug|Any CPU
		{76B5E470-1809-4163-B8F0-690753FF4C54}.Release|Any CPU.ActiveCfg = Release|Any CPU
		{76B5E470-1809-4163-B8F0-690753FF4C54}.Release|Any CPU.Build.0 = Release|Any CPU
	EndGlobalSection
	GlobalSection(SolutionProperties) = preSolution
		HideSolutionNode = FALSE
	EndGlobalSection
	GlobalSection(ExtensibilityGlobals) = postSolution
		SolutionGuid = {9B91CB1B-575B-424E-856D-861587BEB10A}
	EndGlobalSection
EndGlobal
